
Microsoft Visual Studio Solution File, Format Version 12.00
# Visual Studio Version 16
VisualStudioVersion = 16.0.29318.209
MinimumVisualStudioVersion = 10.0.40219.1
Project("{9A19103F-16F7-4668-BE54-9A1E7A4F7556}") = "Data.Core", "Data.Core\Data.Core.csproj", "{1BE17825-EEFD-4CA0-92F7-341585FB252A}"
EndProject
Project("{9A19103F-16F7-4668-BE54-9A1E7A4F7556}") = "Data.Csv", "Data.Csv\Data.Csv.csproj", "{7B3C9C47-40BB-4A13-889F-BD2DF2EDFB65}"
EndProject
Project("{9A19103F-16F7-4668-BE54-9A1E7A4F7556}") = "Sink.InfluxDb", "Sink.InfluxDb\Sink.InfluxDb.csproj", "{55F42ED7-5E52-4EF7-88C6-1B73948C8035}"
EndProject
Project("{9A19103F-16F7-4668-BE54-9A1E7A4F7556}") = "CurieBot.Net", "CurieBot.Net\CurieBot.Net.csproj", "{63B1D0B0-ADE5-4558-B997-1C94492210F8}"
EndProject
Project("{9A19103F-16F7-4668-BE54-9A1E7A4F7556}") = "Data.Hid.TestApp", "Data.Hid.TestApp\Data.Hid.TestApp.csproj", "{C23B3752-59B2-47EA-B54C-5E900806A32E}"
EndProject
Project("{9A19103F-16F7-4668-BE54-9A1E7A4F7556}") = "Data.Hid.Core", "Data.Hid.Core\Data.Hid.Core.csproj", "{1B60A8D4-790E-47C7-9724-D650C0447CE7}"
EndProject
Global
	GlobalSection(SolutionConfigurationPlatforms) = preSolution
		Debug|Any CPU = Debug|Any CPU
		Release|Any CPU = Release|Any CPU
	EndGlobalSection
	GlobalSection(ProjectConfigurationPlatforms) = postSolution
		{1BE17825-EEFD-4CA0-92F7-341585FB252A}.Debug|Any CPU.ActiveCfg = Debug|Any CPU
		{1BE17825-EEFD-4CA0-92F7-341585FB252A}.Debug|Any CPU.Build.0 = Debug|Any CPU
		{1BE17825-EEFD-4CA0-92F7-341585FB252A}.Release|Any CPU.ActiveCfg = Release|Any CPU
		{1BE17825-EEFD-4CA0-92F7-341585FB252A}.Release|Any CPU.Build.0 = Release|Any CPU
		{7B3C9C47-40BB-4A13-889F-BD2DF2EDFB65}.Debug|Any CPU.ActiveCfg = Debug|Any CPU
		{7B3C9C47-40BB-4A13-889F-BD2DF2EDFB65}.Debug|Any CPU.Build.0 = Debug|Any CPU
		{7B3C9C47-40BB-4A13-889F-BD2DF2EDFB65}.Release|Any CPU.ActiveCfg = Release|Any CPU
		{7B3C9C47-40BB-4A13-889F-BD2DF2EDFB65}.Release|Any CPU.Build.0 = Release|Any CPU
		{55F42ED7-5E52-4EF7-88C6-1B73948C8035}.Debug|Any CPU.ActiveCfg = Debug|Any CPU
		{55F42ED7-5E52-4EF7-88C6-1B73948C8035}.Debug|Any CPU.Build.0 = Debug|Any CPU
		{55F42ED7-5E52-4EF7-88C6-1B73948C8035}.Release|Any CPU.ActiveCfg = Release|Any CPU
		{55F42ED7-5E52-4EF7-88C6-1B73948C8035}.Release|Any CPU.Build.0 = Release|Any CPU
		{63B1D0B0-ADE5-4558-B997-1C94492210F8}.Debug|Any CPU.ActiveCfg = Debug|Any CPU
		{63B1D0B0-ADE5-4558-B997-1C94492210F8}.Debug|Any CPU.Build.0 = Debug|Any CPU
		{63B1D0B0-ADE5-4558-B997-1C94492210F8}.Release|Any CPU.ActiveCfg = Release|Any CPU
		{63B1D0B0-ADE5-4558-B997-1C94492210F8}.Release|Any CPU.Build.0 = Release|Any CPU
		{C23B3752-59B2-47EA-B54C-5E900806A32E}.Debug|Any CPU.ActiveCfg = Debug|Any CPU
		{C23B3752-59B2-47EA-B54C-5E900806A32E}.Debug|Any CPU.Build.0 = Debug|Any CPU
		{C23B3752-59B2-47EA-B54C-5E900806A32E}.Release|Any CPU.ActiveCfg = Release|Any CPU
		{C23B3752-59B2-47EA-B54C-5E900806A32E}.Release|Any CPU.Build.0 = Release|Any CPU
		{1B60A8D4-790E-47C7-9724-D650C0447CE7}.Debug|Any CPU.ActiveCfg = Debug|Any CPU
		{1B60A8D4-790E-47C7-9724-D650C0447CE7}.Debug|Any CPU.Build.0 = Debug|Any CPU
		{1B60A8D4-790E-47C7-9724-D650C0447CE7}.Release|Any CPU.ActiveCfg = Release|Any CPU
		{1B60A8D4-790E-47C7-9724-D650C0447CE7}.Release|Any CPU.Build.0 = Release|Any CPU
	EndGlobalSection
	GlobalSection(SolutionProperties) = preSolution
		HideSolutionNode = FALSE
	EndGlobalSection
	GlobalSection(ExtensibilityGlobals) = postSolution
		SolutionGuid = {473FD352-8CF5-4A9E-BC3D-05CAB7F470B7}
	EndGlobalSection
EndGlobal
